
Microsoft Visual Studio Solution File, Format Version 12.00
# Visual Studio Version 16
VisualStudioVersion = 16.0.31410.357
MinimumVisualStudioVersion = 10.0.40219.1
Project("{FAE04EC0-301F-11D3-BF4B-00C04F79EFBC}") = "Introduction", "Introduction.csproj", "{CDDC665D-52B6-4D54-B148-5DF91CE27921}"
EndProject
Global
	GlobalSection(SolutionConfigurationPlatforms) = preSolution
		Debug|Any CPU = Debug|Any CPU
		Release|Any CPU = Release|Any CPU
	EndGlobalSection
	GlobalSection(ProjectConfigurationPlatforms) = postSolution
		{CDDC665D-52B6-4D54-B148-5DF91CE27921}.Debug|Any CPU.ActiveCfg = Debug|Any CPU
		{CDDC665D-52B6-4D54-B148-5DF91CE27921}.Debug|Any CPU.Build.0 = Debug|Any CPU
		{CDDC665D-52B6-4D54-B148-5DF91CE27921}.Release|Any CPU.ActiveCfg = Release|Any CPU
		{CDDC665D-52B6-4D54-B148-5DF91CE27921}.Release|Any CPU.Build.0 = Release|Any CPU
	EndGlobalSection
	GlobalSection(SolutionProperties) = preSolution
		HideSolutionNode = FALSE
	EndGlobalSection
	GlobalSection(ExtensibilityGlobals) = postSolution
		SolutionGuid = {764D1835-3C0E-4B9B-98FB-8BB634CA252A}
	EndGlobalSection
EndGlobal
